
Microsoft Visual Studio Solution File, Format Version 11.00
# Visual Studio 2010
Project("{FAE04EC0-301F-11D3-BF4B-00C04F79EFBC}") = "SqliteDatabase", "SqliteDatabase\SqliteDatabase.csproj", "{9DB97A42-A74C-4ED7-AE2F-77EA8C62B8FF}"
EndProject
Global
	GlobalSection(SolutionConfigurationPlatforms) = preSolution
		Debug|x86 = Debug|x86
		Release|x86 = Release|x86
	EndGlobalSection
	GlobalSection(ProjectConfigurationPlatforms) = postSolution
		{9DB97A42-A74C-4ED7-AE2F-77EA8C62B8FF}.Debug|x86.ActiveCfg = Debug|x86
		{9DB97A42-A74C-4ED7-AE2F-77EA8C62B8FF}.Debug|x86.Build.0 = Debug|x86
		{9DB97A42-A74C-4ED7-AE2F-77EA8C62B8FF}.Release|x86.ActiveCfg = Release|x86
		{9DB97A42-A74C-4ED7-AE2F-77EA8C62B8FF}.Release|x86.Build.0 = Release|x86
	EndGlobalSection
	GlobalSection(SolutionProperties) = preSolution
		HideSolutionNode = FALSE
	EndGlobalSection
EndGlobal
